
Microsoft Visual Studio Solution File, Format Version 12.00
# Visual Studio 15
Project("{FAE04EC0-301F-11D3-BF4B-00C04F79EFBC}") = "Assembly-CSharp", "Assembly-CSharp.csproj", "{025D65CF-84A1-DE0A-91AD-C6F0A4F9CABA}"
EndProject
Global
	GlobalSection(SolutionConfigurationPlatforms) = preSolution
		Debug|Any CPU = Debug|Any CPU
		Release|Any CPU = Release|Any CPU
	EndGlobalSection
	GlobalSection(ProjectConfigurationPlatforms) = postSolution
		{025D65CF-84A1-DE0A-91AD-C6F0A4F9CABA}.Debug|Any CPU.ActiveCfg = Debug|Any CPU
		{025D65CF-84A1-DE0A-91AD-C6F0A4F9CABA}.Debug|Any CPU.Build.0 = Debug|Any CPU
		{025D65CF-84A1-DE0A-91AD-C6F0A4F9CABA}.Release|Any CPU.ActiveCfg = Release|Any CPU
		{025D65CF-84A1-DE0A-91AD-C6F0A4F9CABA}.Release|Any CPU.Build.0 = Release|Any CPU
	EndGlobalSection
	GlobalSection(SolutionProperties) = preSolution
		HideSolutionNode = FALSE
	EndGlobalSection
EndGlobal
